<?xml version="1.0" encoding="utf-8"?>
<Project ToolsVersion="4.0" xmlns="http://schemas.microsoft.com/developer/msbuild/2003">
  <ItemGroup>
    <ClCompile Include="..\thirdparty\DXUT\Optional\DXUTcamera.cpp">
      <Filter>thirdparty\DXUT\Optional</Filter>
    </ClCompile>
    <ClCompile Include="..\source\main.cpp">
      <Filter>source</Filter>
    </ClCompile>
    <ClCompile Include="..\source\user_input_model.cpp">
      <Filter>source</Filter>
    </ClCompile>
    <ClCompile Include="..\source\user_input_controller.cpp">
      <Filter>source</Filter>
    </ClCompile>
  </ItemGroup>
  <ItemGroup>
    <ClInclude Include="..\thirdparty\DXUT\Optional\DXUTcamera.h">
      <Filter>thirdparty\DXUT\Optional</Filter>
    </ClInclude>
    <ClInclude Include="..\source\user_input_model.h">
      <Filter>source</Filter>
    </ClInclude>
    <ClInclude Include="..\source\user_input_controller.h">
      <Filter>source</Filter>
    </ClInclude>
    <ClInclude Include="resource.h">
      <Filter>build-windows</Filter>
    </ClInclude>
  </ItemGroup>
  <ItemGroup>
    <Filter Include="thirdparty">
      <UniqueIdentifier>{3fd46330-fb50-48b9-9af8-f2bd1292021a}</UniqueIdentifier>
    </Filter>
    <Filter Include="thirdparty\Vulkan-ValidationLayers">
      <UniqueIdentifier>{0a393837-6c85-4124-89a5-28e5ae120ec4}</UniqueIdentifier>
    </Filter>
    <Filter Include="thirdparty\Vulkan-ValidationLayers\x86">
      <UniqueIdentifier>{8392cec9-8a4b-4f55-939a-fda75c196bb8}</UniqueIdentifier>
    </Filter>
    <Filter Include="thirdparty\Vulkan-ValidationLayers\x64">
      <UniqueIdentifier>{20e5e431-be5d-49a8-9c62-4973be7abee1}</UniqueIdentifier>
    </Filter>
    <Filter Include="source">
      <UniqueIdentifier>{59f24b2c-072f-4fca-91b0-b70b46bd4124}</UniqueIdentifier>
    </Filter>
    <Filter Include="thirdparty\DXUT">
      <UniqueIdentifier>{73a2c49d-7653-4975-b401-e06655c0d7de}</UniqueIdentifier>
    </Filter>
    <Filter Include="thirdparty\DXUT\Optional">
      <UniqueIdentifier>{09f4db43-7429-4ae0-b11b-a44ce3150fcd}</UniqueIdentifier>
    </Filter>
    <Filter Include="build-windows">
      <UniqueIdentifier>{26abb298-2b4d-43f8-a8b9-31b96ad3df67}</UniqueIdentifier>
    </Filter>
  </ItemGroup>
  <ItemGroup>
    <CopyFileToFolders Include="..\thirdparty\Vulkan-ValidationLayers\bin\win32\x86\VkLayer_khronos_validation.json">
      <Filter>thirdparty\Vulkan-ValidationLayers\x86</Filter>
    </CopyFileToFolders>
    <CopyFileToFolders Include="..\thirdparty\Vulkan-ValidationLayers\bin\win32\x86\VkLayer_khronos_validation.dll">
      <Filter>thirdparty\Vulkan-ValidationLayers\x86</Filter>
    </CopyFileToFolders>
    <CopyFileToFolders Include="..\thirdparty\Vulkan-ValidationLayers\bin\win32\x64\VkLayer_khronos_validation.json">
      <Filter>thirdparty\Vulkan-ValidationLayers\x64</Filter>
    </CopyFileToFolders>
    <CopyFileToFolders Include="..\thirdparty\Vulkan-ValidationLayers\bin\win32\x64\VkLayer_khronos_validation.dll">
      <Filter>thirdparty\Vulkan-ValidationLayers\x64</Filter>
    </CopyFileToFolders>
  </ItemGroup>
  <ItemGroup>
    <ResourceCompile Include="BRX-Puppet.rc">
      <Filter>build-windows</Filter>
    </ResourceCompile>
  </ItemGroup>
  <ItemGroup>
    <Image Include="BRX-Puppet.ico">
      <Filter>build-windows</Filter>
    </Image>
  </ItemGroup>
</Project>